<?xml version="1.0" encoding="utf-8"?>
<Project ToolsVersion="4.0" xmlns="http://schemas.microsoft.com/developer/msbuild/2003">
  <ItemGroup>
    <Filter Include="Quelldateien">
      <UniqueIdentifier>{4FC737F1-C7A5-4376-A066-2A32D752A2FF}</UniqueIdentifier>
      <Extensions>cpp;c;cc;cxx;def;odl;idl;hpj;bat;asm;asmx</Extensions>
    </Filter>
    <Filter Include="Headerdateien">
      <UniqueIdentifier>{93995380-89BD-4b04-88EB-625FBE52EBFB}</UniqueIdentifier>
      <Extensions>h;hh;hpp;hxx;hm;inl;inc;ipp;xsd</Extensions>
    </Filter>
    <Filter Include="Ressourcendateien">
      <UniqueIdentifier>{67DA6AB6-F800-4c08-8B7A-83BB121AAD01}</UniqueIdentifier>
      <Extensions>rc;ico;cur;bmp;dlg;rc2;rct;bin;rgs;gif;jpg;jpeg;jpe;resx;tiff;tif;png;wav;mfcribbon-ms</Extensions>
    </Filter>
    <Filter Include="Intel">
      <UniqueIdentifier>{aae785a2-4e59-4f51-92eb-636383ffda55}</UniqueIdentifier>
    </Filter>
  </ItemGroup>
  <ItemGroup>
    <None Include="..\winsim.org">
      <Filter>Ressourcendateien</Filter>
    </None>
    <None Include="src\2021-01-10\ORKAFPGAs.json">
      <Filter>Ressourcendateien</Filter>
    </None>
    <None Include="src\2021-01-10\ORKAInterpreter.json">
      <Filter>Ressourcendateien</Filter>
    </None>
    <None Include="src\2021-01-10\49559fba-1e9f-4ae3-bbb3-52cff7441d73-jesko.json">
      <Filter>Ressourcendateien</Filter>
    </None>
    <None Include="..\..\.clang-format">
      <Filter>Ressourcendateien</Filter>
    </None>
    <None Include="src\2021-03-03_arty-a7-100-debugging\bitstream.json">
      <Filter>Ressourcendateien</Filter>
    </None>
    <None Include="src\2021-06-08-intel\bitstream.json">
      <Filter>Intel</Filter>
    </None>
    <None Include="src\2021-06-08-intel\ORKAFPGAs.json">
      <Filter>Intel</Filter>
    </None>
    <None Include="src\2021-06-08-intel\ORKAInterpreter.json">
      <Filter>Intel</Filter>
    </None>
  </ItemGroup>
  <ItemGroup>
    <ClCompile Include="src\database.c">
      <Filter>Quelldateien</Filter>
    </ClCompile>
    <ClCompile Include="src\liborkagd.c">
      <Filter>Quelldateien</Filter>
    </ClCompile>
    <ClCompile Include="src\main.c">
      <Filter>Quelldateien</Filter>
    </ClCompile>
    <ClCompile Include="src\stringhelper.c">
      <Filter>Quelldateien</Filter>
    </ClCompile>
    <ClCompile Include="src\tiny-json.c">
      <Filter>Quelldateien</Filter>
    </ClCompile>
    <ClCompile Include="src\vector.c">
      <Filter>Quelldateien</Filter>
    </ClCompile>
    <ClCompile Include="src\mainmm.c">
      <Filter>Quelldateien</Filter>
    </ClCompile>
    <ClCompile Include="src\mainmini.c">
      <Filter>Quelldateien</Filter>
    </ClCompile>
    <ClCompile Include="src\tcpipclient.c">
      <Filter>Quelldateien</Filter>
    </ClCompile>
    <ClCompile Include="src\liborkagdaux.c">
      <Filter>Quelldateien</Filter>
    </ClCompile>
    <ClCompile Include="src\random.c">
      <Filter>Quelldateien</Filter>
    </ClCompile>
    <ClCompile Include="src\mmgmt.c">
      <Filter>Quelldateien</Filter>
    </ClCompile>
    <ClCompile Include="src\mini-intel.c">
      <Filter>Quelldateien</Filter>
    </ClCompile>
  </ItemGroup>
  <ItemGroup>
    <ClInclude Include="src\database.h">
      <Filter>Headerdateien</Filter>
    </ClInclude>
    <ClInclude Include="src\liborkagd.h">
      <Filter>Headerdateien</Filter>
    </ClInclude>
    <ClInclude Include="src\dirent.h">
      <Filter>Headerdateien</Filter>
    </ClInclude>
    <ClInclude Include="src\liborkagdaux.h">
      <Filter>Headerdateien</Filter>
    </ClInclude>
    <ClInclude Include="src\liborkagdint.h">
      <Filter>Headerdateien</Filter>
    </ClInclude>
    <ClInclude Include="src\mmgmt.h">
      <Filter>Headerdateien</Filter>
    </ClInclude>
    <ClInclude Include="src\random.h">
      <Filter>Headerdateien</Filter>
    </ClInclude>
    <ClInclude Include="src\stringhelper.h">
      <Filter>Headerdateien</Filter>
    </ClInclude>
    <ClInclude Include="src\tcpipclient.h">
      <Filter>Headerdateien</Filter>
    </ClInclude>
    <ClInclude Include="src\tiny-json.h">
      <Filter>Headerdateien</Filter>
    </ClInclude>
    <ClInclude Include="src\types.h">
      <Filter>Headerdateien</Filter>
    </ClInclude>
    <ClInclude Include="src\vector.h">
      <Filter>Headerdateien</Filter>
    </ClInclude>
  </ItemGroup>
</Project>